<?xml version="1.0" encoding="utf-8"?>
<Project ToolsVersion="4.0" xmlns="http://schemas.microsoft.com/developer/msbuild/2003">
  <ItemGroup>
    <Filter Include="Source Files">
      <UniqueIdentifier>{2ad2e41d-26e8-42cd-a8d1-b5cd4aa86342}</UniqueIdentifier>
      <Extensions>.c</Extensions>
    </Filter>
    <Filter Include="Source Files\lib">
      <UniqueIdentifier>{9f4dad64-1064-42c2-bcf4-06d39bc624a3}</UniqueIdentifier>
    </Filter>
    <Filter Include="Header Files">
      <UniqueIdentifier>{f3287780-ff6c-4371-ab9b-867a430f9865}</UniqueIdentifier>
      <Extensions>.h</Extensions>
    </Filter>
  </ItemGroup>
  <ItemGroup>
    <ClCompile Include="lib\iconv.c">
      <Filter>Source Files\lib</Filter>
    </ClCompile>
    <ClCompile Include="lib\iconv_ces.c">
      <Filter>Source Files\lib</Filter>
    </ClCompile>
    <ClCompile Include="lib\iconv_ces_euc.c">
      <Filter>Source Files\lib</Filter>
    </ClCompile>
    <ClCompile Include="lib\iconv_ces_iso2022.c">
      <Filter>Source Files\lib</Filter>
    </ClCompile>
    <ClCompile Include="lib\iconv_int.c">
      <Filter>Source Files\lib</Filter>
    </ClCompile>
    <ClCompile Include="lib\iconv_module.c">
      <Filter>Source Files\lib</Filter>
    </ClCompile>
    <ClCompile Include="lib\iconv_uc.c">
      <Filter>Source Files\lib</Filter>
    </ClCompile>
  </ItemGroup>
  <ItemGroup>
    <ClInclude Include="include\api_version.h">
      <Filter>Header Files</Filter>
    </ClInclude>
    <ClInclude Include="include\apr_iconv.h">
      <Filter>Header Files</Filter>
    </ClInclude>
    <ClInclude Include="lib\charset_alias.h">
      <Filter>Header Files</Filter>
    </ClInclude>
    <ClInclude Include="lib\iconv.h">
      <Filter>Header Files</Filter>
    </ClInclude>
  </ItemGroup>
  <ItemGroup>
    <ResourceCompile Include="libapriconv.rc" />
  </ItemGroup>
</Project>